# THIS IS AN AUTOGENERATED FILE. DO NOT EDIT THIS FILE DIRECTLY.
# yarn lockfile v1


"@tsconfig/deno@^1.0.5":
  version "1.0.5"
  resolved "https://registry.yarnpkg.com/@tsconfig/deno/-/deno-1.0.5.tgz#224ccac0c884c780dafdb725a5f089fa2d9b729f"
  integrity sha512-GYwwl0nX1VDpeY8SfbKiv/xppsKV6rqgqBp+UtGrI3x4q73q0GuuY956urSfTncDoqXSkxMCI5hQUBMJku8EZw==

typescript@^4.2.3:
  version "4.2.3"
  resolved "https://registry.yarnpkg.com/typescript/-/typescript-4.2.3.tgz#39062d8019912d43726298f09493d598048c1ce3"
  integrity sha512-qOcYwxaByStAWrBf4x0fibwZvMRG+r4cQoTjbPtUlrWjBHbmCAww1i448U0GJ+3cNNEtebDteo/cHOR3xJ4wEw==
